
Microsoft Visual Studio Solution File, Format Version 12.00
# Visual Studio Version 17
VisualStudioVersion = 17.8.34525.116
MinimumVisualStudioVersion = 10.0.40219.1
Project("{FAE04EC0-301F-11D3-BF4B-00C04F79EFBC}") = "DesenvolvimentoWebBackend", "DesenvolvimentoWebBackend\DesenvolvimentoWebBackend.csproj", "{C12B6921-24AB-4D13-A869-7E685A5C31E6}"
EndProject
Global
	GlobalSection(SolutionConfigurationPlatforms) = preSolution
		Debug|Any CPU = Debug|Any CPU
		Release|Any CPU = Release|Any CPU
	EndGlobalSection
	GlobalSection(ProjectConfigurationPlatforms) = postSolution
		{C12B6921-24AB-4D13-A869-7E685A5C31E6}.Debug|Any CPU.ActiveCfg = Debug|Any CPU
		{C12B6921-24AB-4D13-A869-7E685A5C31E6}.Debug|Any CPU.Build.0 = Debug|Any CPU
		{C12B6921-24AB-4D13-A869-7E685A5C31E6}.Release|Any CPU.ActiveCfg = Release|Any CPU
		{C12B6921-24AB-4D13-A869-7E685A5C31E6}.Release|Any CPU.Build.0 = Release|Any CPU
	EndGlobalSection
	GlobalSection(SolutionProperties) = preSolution
		HideSolutionNode = FALSE
	EndGlobalSection
	GlobalSection(ExtensibilityGlobals) = postSolution
		SolutionGuid = {FEDE8CAF-2F95-4100-9B68-6FFC5DBE47CB}
	EndGlobalSection
EndGlobal
